
Microsoft Visual Studio Solution File, Format Version 12.00
# Visual Studio Version 17
VisualStudioVersion = 17.4.33205.214
MinimumVisualStudioVersion = 10.0.40219.1
Project("{8BC9CEB8-8B4A-11D0-8D11-00A0C91BC942}") = "bucketSort", "bucketSort\bucketSort.vcxproj", "{15C61A0E-D72F-4079-B492-9A1632AD23D7}"
EndProject
Global
	GlobalSection(SolutionConfigurationPlatforms) = preSolution
		Debug|x64 = Debug|x64
		Debug|x86 = Debug|x86
		Release|x64 = Release|x64
		Release|x86 = Release|x86
	EndGlobalSection
	GlobalSection(ProjectConfigurationPlatforms) = postSolution
		{15C61A0E-D72F-4079-B492-9A1632AD23D7}.Debug|x64.ActiveCfg = Debug|x64
		{15C61A0E-D72F-4079-B492-9A1632AD23D7}.Debug|x64.Build.0 = Debug|x64
		{15C61A0E-D72F-4079-B492-9A1632AD23D7}.Debug|x86.ActiveCfg = Debug|Win32
		{15C61A0E-D72F-4079-B492-9A1632AD23D7}.Debug|x86.Build.0 = Debug|Win32
		{15C61A0E-D72F-4079-B492-9A1632AD23D7}.Release|x64.ActiveCfg = Release|x64
		{15C61A0E-D72F-4079-B492-9A1632AD23D7}.Release|x64.Build.0 = Release|x64
		{15C61A0E-D72F-4079-B492-9A1632AD23D7}.Release|x86.ActiveCfg = Release|Win32
		{15C61A0E-D72F-4079-B492-9A1632AD23D7}.Release|x86.Build.0 = Release|Win32
	EndGlobalSection
	GlobalSection(SolutionProperties) = preSolution
		HideSolutionNode = FALSE
	EndGlobalSection
	GlobalSection(ExtensibilityGlobals) = postSolution
		SolutionGuid = {C90CEB6B-9A7B-45A8-A9E2-4D4192346F92}
	EndGlobalSection
EndGlobal
